
Microsoft Visual Studio Solution File, Format Version 12.00
# Visual Studio 15
VisualStudioVersion = 15.0.27130.2010
MinimumVisualStudioVersion = 10.0.40219.1
Project("{FAE04EC0-301F-11D3-BF4B-00C04F79EFBC}") = "Dashboard", "Dashboard\Dashboard.csproj", "{87A8A3CE-0152-437B-8FB3-2731606A346A}"
EndProject
Global
	GlobalSection(SolutionConfigurationPlatforms) = preSolution
		Debug|Any CPU = Debug|Any CPU
		Release|Any CPU = Release|Any CPU
	EndGlobalSection
	GlobalSection(ProjectConfigurationPlatforms) = postSolution
		{87A8A3CE-0152-437B-8FB3-2731606A346A}.Debug|Any CPU.ActiveCfg = Debug|Any CPU
		{87A8A3CE-0152-437B-8FB3-2731606A346A}.Debug|Any CPU.Build.0 = Debug|Any CPU
		{87A8A3CE-0152-437B-8FB3-2731606A346A}.Release|Any CPU.ActiveCfg = Release|Any CPU
		{87A8A3CE-0152-437B-8FB3-2731606A346A}.Release|Any CPU.Build.0 = Release|Any CPU
	EndGlobalSection
	GlobalSection(SolutionProperties) = preSolution
		HideSolutionNode = FALSE
	EndGlobalSection
	GlobalSection(ExtensibilityGlobals) = postSolution
		SolutionGuid = {A095951E-1167-458D-BBB8-2C85281EB3F0}
	EndGlobalSection
EndGlobal
